
Microsoft Visual Studio Solution File, Format Version 12.00
# Visual Studio Version 16
VisualStudioVersion = 16.0.29709.97
MinimumVisualStudioVersion = 10.0.40219.1
Project("{FAE04EC0-301F-11D3-BF4B-00C04F79EFBC}") = "School-API-Consummer", "School-API-Consummer.csproj", "{D601441E-2069-49E1-B254-1A54A72218DD}"
EndProject
Global
	GlobalSection(SolutionConfigurationPlatforms) = preSolution
		Debug|Any CPU = Debug|Any CPU
		Release|Any CPU = Release|Any CPU
	EndGlobalSection
	GlobalSection(ProjectConfigurationPlatforms) = postSolution
		{D601441E-2069-49E1-B254-1A54A72218DD}.Debug|Any CPU.ActiveCfg = Debug|Any CPU
		{D601441E-2069-49E1-B254-1A54A72218DD}.Debug|Any CPU.Build.0 = Debug|Any CPU
		{D601441E-2069-49E1-B254-1A54A72218DD}.Release|Any CPU.ActiveCfg = Release|Any CPU
		{D601441E-2069-49E1-B254-1A54A72218DD}.Release|Any CPU.Build.0 = Release|Any CPU
	EndGlobalSection
	GlobalSection(SolutionProperties) = preSolution
		HideSolutionNode = FALSE
	EndGlobalSection
	GlobalSection(ExtensibilityGlobals) = postSolution
		SolutionGuid = {B950D0EB-37F1-4C30-B508-9E968CDDBFBF}
	EndGlobalSection
EndGlobal
